<?xml version="1.0" encoding="utf-8"?>
<Project ToolsVersion="4.0" xmlns="http://schemas.microsoft.com/developer/msbuild/2003">
  <ItemGroup>
    <Filter Include="Source Files">
      <UniqueIdentifier>{4FC737F1-C7A5-4376-A066-2A32D752A2FF}</UniqueIdentifier>
      <Extensions>cpp;c;cc;cxx;def;odl;idl;hpj;bat;asm;asmx</Extensions>
    </Filter>
    <Filter Include="Header Files">
      <UniqueIdentifier>{93995380-89BD-4b04-88EB-625FBE52EBFB}</UniqueIdentifier>
      <Extensions>h;hh;hpp;hxx;hm;inl;inc;xsd</Extensions>
    </Filter>
    <Filter Include="Resource Files">
      <UniqueIdentifier>{67DA6AB6-F800-4c08-8B7A-83BB121AAD01}</UniqueIdentifier>
      <Extensions>rc;ico;cur;bmp;dlg;rc2;rct;bin;rgs;gif;jpg;jpeg;jpe;resx;tiff;tif;png;wav;mfcribbon-ms</Extensions>
    </Filter>
    <Filter Include="Header Files\stringchecks">
      <UniqueIdentifier>{b4e533db-0b63-4245-bb21-a507955f4b1d}</UniqueIdentifier>
    </Filter>
    <Filter Include="Header Files\marslanding">
      <UniqueIdentifier>{beb70293-9247-4f7b-8b45-918e2160402d}</UniqueIdentifier>
    </Filter>
    <Filter Include="Header Files\racing">
      <UniqueIdentifier>{f7050b7b-5cc0-4495-99e7-7bb385de12ee}</UniqueIdentifier>
    </Filter>
  </ItemGroup>
  <ItemGroup>
    <ClInclude Include="stdafx.h">
      <Filter>Header Files</Filter>
    </ClInclude>
    <ClInclude Include="targetver.h">
      <Filter>Header Files</Filter>
    </ClInclude>
    <ClInclude Include="MarsLander_2.h">
      <Filter>Header Files\marslanding</Filter>
    </ClInclude>
    <ClInclude Include="StringChecks.h">
      <Filter>Header Files\stringchecks</Filter>
    </ClInclude>
    <ClInclude Include="Race.h">
      <Filter>Header Files\racing</Filter>
    </ClInclude>
  </ItemGroup>
  <ItemGroup>
    <ClCompile Include="stdafx.cpp">
      <Filter>Source Files</Filter>
    </ClCompile>
    <ClCompile Include="StringChecks.cpp">
      <Filter>Source Files</Filter>
    </ClCompile>
    <ClCompile Include="FizzBuzz.cpp">
      <Filter>Source Files</Filter>
    </ClCompile>
  </ItemGroup>
</Project>